
Microsoft Visual Studio Solution File, Format Version 12.00
# Visual Studio Version 17
VisualStudioVersion = 17.12.35527.113
MinimumVisualStudioVersion = 10.0.40219.1
Project("{FAE04EC0-301F-11D3-BF4B-00C04F79EFBC}") = "Gestor", "Gestor.csproj", "{B591CCCE-59AE-4B8A-A85A-8822B2CBDC2A}"
EndProject
Global
	GlobalSection(SolutionConfigurationPlatforms) = preSolution
		Debug|Any CPU = Debug|Any CPU
		Release|Any CPU = Release|Any CPU
	EndGlobalSection
	GlobalSection(ProjectConfigurationPlatforms) = postSolution
		{B591CCCE-59AE-4B8A-A85A-8822B2CBDC2A}.Debug|Any CPU.ActiveCfg = Debug|Any CPU
		{B591CCCE-59AE-4B8A-A85A-8822B2CBDC2A}.Debug|Any CPU.Build.0 = Debug|Any CPU
		{B591CCCE-59AE-4B8A-A85A-8822B2CBDC2A}.Release|Any CPU.ActiveCfg = Release|Any CPU
		{B591CCCE-59AE-4B8A-A85A-8822B2CBDC2A}.Release|Any CPU.Build.0 = Release|Any CPU
	EndGlobalSection
	GlobalSection(SolutionProperties) = preSolution
		HideSolutionNode = FALSE
	EndGlobalSection
	GlobalSection(ExtensibilityGlobals) = postSolution
		SolutionGuid = {7B44A148-203D-4DBA-B69A-981E56A77540}
	EndGlobalSection
EndGlobal
